
Microsoft Visual Studio Solution File, Format Version 12.00
# Visual Studio Version 17
VisualStudioVersion = 17.7.34024.191
MinimumVisualStudioVersion = 10.0.40219.1
Project("{FAE04EC0-301F-11D3-BF4B-00C04F79EFBC}") = "BackEndPart", "BackEndPart.csproj", "{2B5AD14E-F97E-43AA-AA84-B200A8A950ED}"
EndProject
Project("{9A19103F-16F7-4668-BE54-9A1E7A4F7556}") = "BlogModule", "..\BlogModule\BlogModule.csproj", "{29C86F8D-7E36-4C30-8790-4B7B8A50FA0F}"
EndProject
Project("{9A19103F-16F7-4668-BE54-9A1E7A4F7556}") = "RegistrationModule", "..\RegistrationModule\RegistrationModule.csproj", "{DCD5A3E6-EC7C-4DEA-9487-9B7699D8BB79}"
EndProject
Global
	GlobalSection(SolutionConfigurationPlatforms) = preSolution
		Debug|Any CPU = Debug|Any CPU
		Release|Any CPU = Release|Any CPU
	EndGlobalSection
	GlobalSection(ProjectConfigurationPlatforms) = postSolution
		{2B5AD14E-F97E-43AA-AA84-B200A8A950ED}.Debug|Any CPU.ActiveCfg = Debug|Any CPU
		{2B5AD14E-F97E-43AA-AA84-B200A8A950ED}.Debug|Any CPU.Build.0 = Debug|Any CPU
		{2B5AD14E-F97E-43AA-AA84-B200A8A950ED}.Release|Any CPU.ActiveCfg = Release|Any CPU
		{2B5AD14E-F97E-43AA-AA84-B200A8A950ED}.Release|Any CPU.Build.0 = Release|Any CPU
		{29C86F8D-7E36-4C30-8790-4B7B8A50FA0F}.Debug|Any CPU.ActiveCfg = Debug|Any CPU
		{29C86F8D-7E36-4C30-8790-4B7B8A50FA0F}.Debug|Any CPU.Build.0 = Debug|Any CPU
		{29C86F8D-7E36-4C30-8790-4B7B8A50FA0F}.Release|Any CPU.ActiveCfg = Release|Any CPU
		{29C86F8D-7E36-4C30-8790-4B7B8A50FA0F}.Release|Any CPU.Build.0 = Release|Any CPU
		{DCD5A3E6-EC7C-4DEA-9487-9B7699D8BB79}.Debug|Any CPU.ActiveCfg = Debug|Any CPU
		{DCD5A3E6-EC7C-4DEA-9487-9B7699D8BB79}.Debug|Any CPU.Build.0 = Debug|Any CPU
		{DCD5A3E6-EC7C-4DEA-9487-9B7699D8BB79}.Release|Any CPU.ActiveCfg = Release|Any CPU
		{DCD5A3E6-EC7C-4DEA-9487-9B7699D8BB79}.Release|Any CPU.Build.0 = Release|Any CPU
	EndGlobalSection
	GlobalSection(SolutionProperties) = preSolution
		HideSolutionNode = FALSE
	EndGlobalSection
	GlobalSection(ExtensibilityGlobals) = postSolution
		SolutionGuid = {6CF1B521-05FC-4125-8677-56C3250ED0E0}
	EndGlobalSection
EndGlobal
