
Microsoft Visual Studio Solution File, Format Version 12.00
# Visual Studio Version 17
VisualStudioVersion = 17.3.32929.385
MinimumVisualStudioVersion = 10.0.40219.1
Project("{9A19103F-16F7-4668-BE54-9A1E7A4F7556}") = "MyWebSiteApi", "BackEnd\MyWebSiteAPI\MyWebSiteApi.csproj", "{3E9A6E4C-4175-4CFC-9E29-96A3A370BFF6}"
EndProject
Project("{9A19103F-16F7-4668-BE54-9A1E7A4F7556}") = "BusinessDbAccess", "BackEnd\BusinessDbAccess\BusinessDbAccess.csproj", "{2A65E182-FFB3-4F2E-865A-52EDAD1DDA7D}"
EndProject
Project("{9A19103F-16F7-4668-BE54-9A1E7A4F7556}") = "BusinessLogic", "BackEnd\BusinessLogic\BusinessLogic.csproj", "{9E32A99B-3322-44CB-A3A0-A103D24CBDF1}"
EndProject
Project("{9A19103F-16F7-4668-BE54-9A1E7A4F7556}") = "DataLayer", "BackEnd\DataLayer\DataLayer.csproj", "{2E7B9357-7587-4B71-A109-A5FA66DC5AFD}"
EndProject
Project("{9A19103F-16F7-4668-BE54-9A1E7A4F7556}") = "ServiceLayer", "BackEnd\ServiceLayer\ServiceLayer.csproj", "{033CB73E-A97E-45C4-AE69-4890568F946D}"
EndProject
Project("{9A19103F-16F7-4668-BE54-9A1E7A4F7556}") = "ApiTests", "BackEnd\ApiTests\ApiTests.csproj", "{D903E2E2-3068-4DB3-A023-1BD53F3925E8}"
EndProject
Project("{54A90642-561A-4BB1-A94E-469ADEE60C69}") = "MyWebSite", "FrontEnd\MyWebSite\MyWebSite\MyWebSite.esproj", "{1924A3ED-E2E7-4785-9518-2952835B7833}"
EndProject
Project("{9A19103F-16F7-4668-BE54-9A1E7A4F7556}") = "AuthenticationServices", "AuthenticationServices\AuthenticationServices.csproj", "{F4BD2C4A-091B-4F7C-B7BF-EAB1BE8CBEB2}"
EndProject
Project("{9A19103F-16F7-4668-BE54-9A1E7A4F7556}") = "AuthenticationBusinessLogic", "AuthenticationBusinessLogic\AuthenticationBusinessLogic.csproj", "{AD7977AC-1FA0-4B34-BC45-5039177A9159}"
EndProject
Project("{FAE04EC0-301F-11D3-BF4B-00C04F79EFBC}") = "AuthenticationDbAccess", "AuthenticationDbAccess\AuthenticationDbAccess.csproj", "{56697EE0-A892-4A99-BD6F-B510D363E6D0}"
EndProject
Global
	GlobalSection(SolutionConfigurationPlatforms) = preSolution
		Debug|Any CPU = Debug|Any CPU
		Release|Any CPU = Release|Any CPU
	EndGlobalSection
	GlobalSection(ProjectConfigurationPlatforms) = postSolution
		{3E9A6E4C-4175-4CFC-9E29-96A3A370BFF6}.Debug|Any CPU.ActiveCfg = Debug|Any CPU
		{3E9A6E4C-4175-4CFC-9E29-96A3A370BFF6}.Debug|Any CPU.Build.0 = Debug|Any CPU
		{3E9A6E4C-4175-4CFC-9E29-96A3A370BFF6}.Release|Any CPU.ActiveCfg = Release|Any CPU
		{3E9A6E4C-4175-4CFC-9E29-96A3A370BFF6}.Release|Any CPU.Build.0 = Release|Any CPU
		{2A65E182-FFB3-4F2E-865A-52EDAD1DDA7D}.Debug|Any CPU.ActiveCfg = Debug|Any CPU
		{2A65E182-FFB3-4F2E-865A-52EDAD1DDA7D}.Debug|Any CPU.Build.0 = Debug|Any CPU
		{2A65E182-FFB3-4F2E-865A-52EDAD1DDA7D}.Release|Any CPU.ActiveCfg = Release|Any CPU
		{2A65E182-FFB3-4F2E-865A-52EDAD1DDA7D}.Release|Any CPU.Build.0 = Release|Any CPU
		{9E32A99B-3322-44CB-A3A0-A103D24CBDF1}.Debug|Any CPU.ActiveCfg = Debug|Any CPU
		{9E32A99B-3322-44CB-A3A0-A103D24CBDF1}.Debug|Any CPU.Build.0 = Debug|Any CPU
		{9E32A99B-3322-44CB-A3A0-A103D24CBDF1}.Release|Any CPU.ActiveCfg = Release|Any CPU
		{9E32A99B-3322-44CB-A3A0-A103D24CBDF1}.Release|Any CPU.Build.0 = Release|Any CPU
		{2E7B9357-7587-4B71-A109-A5FA66DC5AFD}.Debug|Any CPU.ActiveCfg = Debug|Any CPU
		{2E7B9357-7587-4B71-A109-A5FA66DC5AFD}.Debug|Any CPU.Build.0 = Debug|Any CPU
		{2E7B9357-7587-4B71-A109-A5FA66DC5AFD}.Release|Any CPU.ActiveCfg = Release|Any CPU
		{2E7B9357-7587-4B71-A109-A5FA66DC5AFD}.Release|Any CPU.Build.0 = Release|Any CPU
		{033CB73E-A97E-45C4-AE69-4890568F946D}.Debug|Any CPU.ActiveCfg = Debug|Any CPU
		{033CB73E-A97E-45C4-AE69-4890568F946D}.Debug|Any CPU.Build.0 = Debug|Any CPU
		{033CB73E-A97E-45C4-AE69-4890568F946D}.Release|Any CPU.ActiveCfg = Release|Any CPU
		{033CB73E-A97E-45C4-AE69-4890568F946D}.Release|Any CPU.Build.0 = Release|Any CPU
		{D903E2E2-3068-4DB3-A023-1BD53F3925E8}.Debug|Any CPU.ActiveCfg = Debug|Any CPU
		{D903E2E2-3068-4DB3-A023-1BD53F3925E8}.Debug|Any CPU.Build.0 = Debug|Any CPU
		{D903E2E2-3068-4DB3-A023-1BD53F3925E8}.Release|Any CPU.ActiveCfg = Release|Any CPU
		{D903E2E2-3068-4DB3-A023-1BD53F3925E8}.Release|Any CPU.Build.0 = Release|Any CPU
		{1924A3ED-E2E7-4785-9518-2952835B7833}.Debug|Any CPU.ActiveCfg = Debug|Any CPU
		{1924A3ED-E2E7-4785-9518-2952835B7833}.Debug|Any CPU.Build.0 = Debug|Any CPU
		{1924A3ED-E2E7-4785-9518-2952835B7833}.Debug|Any CPU.Deploy.0 = Debug|Any CPU
		{1924A3ED-E2E7-4785-9518-2952835B7833}.Release|Any CPU.ActiveCfg = Release|Any CPU
		{1924A3ED-E2E7-4785-9518-2952835B7833}.Release|Any CPU.Build.0 = Release|Any CPU
		{1924A3ED-E2E7-4785-9518-2952835B7833}.Release|Any CPU.Deploy.0 = Release|Any CPU
		{F4BD2C4A-091B-4F7C-B7BF-EAB1BE8CBEB2}.Debug|Any CPU.ActiveCfg = Debug|Any CPU
		{F4BD2C4A-091B-4F7C-B7BF-EAB1BE8CBEB2}.Debug|Any CPU.Build.0 = Debug|Any CPU
		{F4BD2C4A-091B-4F7C-B7BF-EAB1BE8CBEB2}.Release|Any CPU.ActiveCfg = Release|Any CPU
		{F4BD2C4A-091B-4F7C-B7BF-EAB1BE8CBEB2}.Release|Any CPU.Build.0 = Release|Any CPU
		{AD7977AC-1FA0-4B34-BC45-5039177A9159}.Debug|Any CPU.ActiveCfg = Debug|Any CPU
		{AD7977AC-1FA0-4B34-BC45-5039177A9159}.Debug|Any CPU.Build.0 = Debug|Any CPU
		{AD7977AC-1FA0-4B34-BC45-5039177A9159}.Release|Any CPU.ActiveCfg = Release|Any CPU
		{AD7977AC-1FA0-4B34-BC45-5039177A9159}.Release|Any CPU.Build.0 = Release|Any CPU
		{56697EE0-A892-4A99-BD6F-B510D363E6D0}.Debug|Any CPU.ActiveCfg = Debug|Any CPU
		{56697EE0-A892-4A99-BD6F-B510D363E6D0}.Debug|Any CPU.Build.0 = Debug|Any CPU
		{56697EE0-A892-4A99-BD6F-B510D363E6D0}.Release|Any CPU.ActiveCfg = Release|Any CPU
		{56697EE0-A892-4A99-BD6F-B510D363E6D0}.Release|Any CPU.Build.0 = Release|Any CPU
	EndGlobalSection
	GlobalSection(SolutionProperties) = preSolution
		HideSolutionNode = FALSE
	EndGlobalSection
	GlobalSection(ExtensibilityGlobals) = postSolution
		SolutionGuid = {504E19F9-E598-4816-9199-C35978F40973}
	EndGlobalSection
EndGlobal
